// !$*UTF8*$!
{
	archiveVersion = 1;
	classes = {
	};
	objectVersion = 55;
	objects = {

/* Begin PBXBuildFile section */
		3A3A0F2227F59F140097622D /* ResponseCodableTests.swift in Sources */ = {isa = PBXBuildFile; fileRef = 3A3A0F2127F59F140097622D /* ResponseCodableTests.swift */; };
		3A3A0F2627F59F3A0097622D /* Main.storyboard in Resources */ = {isa = PBXBuildFile; fileRef = 3A3A0F2427F59F3A0097622D /* Main.storyboard */; };
		3A3A0F2A27F5A6D10097622D /* Catalog.swift in Sources */ = {isa = PBXBuildFile; fileRef = 3A3A0F2927F5A6D10097622D /* Catalog.swift */; };
		3A3A0F2E27F5A9910097622D /* GetCatalogRequestFactory.swift in Sources */ = {isa = PBXBuildFile; fileRef = 3A3A0F2D27F5A9910097622D /* GetCatalogRequestFactory.swift */; };
		3A3A0F3127F5AA6B0097622D /* GetCatalog.swift in Sources */ = {isa = PBXBuildFile; fileRef = 3A3A0F3027F5AA6B0097622D /* GetCatalog.swift */; };
		3A3A0F3327F5AC710097622D /* GetProductRequestFactory.swift in Sources */ = {isa = PBXBuildFile; fileRef = 3A3A0F3227F5AC710097622D /* GetProductRequestFactory.swift */; };
		3A3A0F3627F5AD600097622D /* GetProduct.swift in Sources */ = {isa = PBXBuildFile; fileRef = 3A3A0F3527F5AD600097622D /* GetProduct.swift */; };
		3A3A0F3827F5B2810097622D /* RequestsTest.swift in Sources */ = {isa = PBXBuildFile; fileRef = 3A3A0F3727F5B2810097622D /* RequestsTest.swift */; };
		3A4A312D281EE6F20007DF4E /* RoundImageView.swift in Sources */ = {isa = PBXBuildFile; fileRef = 3A4A312C281EE6F20007DF4E /* RoundImageView.swift */; };
		3A4A3130281FDAE10007DF4E /* CakeItemViewController.swift in Sources */ = {isa = PBXBuildFile; fileRef = 3A4A312F281FDAE10007DF4E /* CakeItemViewController.swift */; };
		3A4A3132281FE2D20007DF4E /* ProductResponse.swift in Sources */ = {isa = PBXBuildFile; fileRef = 3A4A3131281FE2D20007DF4E /* ProductResponse.swift */; };
		3A4A3135281FE5160007DF4E /* ProductIDkeeper.swift in Sources */ = {isa = PBXBuildFile; fileRef = 3A4A3134281FE5160007DF4E /* ProductIDkeeper.swift */; };
		3A674AB92823C02800BE4B89 /* CartTableViewController.swift in Sources */ = {isa = PBXBuildFile; fileRef = 3A674AB82823C02800BE4B89 /* CartTableViewController.swift */; };
		3A674ABC2823C06200BE4B89 /* CartTableViewCell.swift in Sources */ = {isa = PBXBuildFile; fileRef = 3A674ABA2823C06200BE4B89 /* CartTableViewCell.swift */; };
		3A674ABD2823C06200BE4B89 /* CartTableViewCell.xib in Resources */ = {isa = PBXBuildFile; fileRef = 3A674ABB2823C06200BE4B89 /* CartTableViewCell.xib */; };
		3A674AC12823C19700BE4B89 /* CartCellFactory.swift in Sources */ = {isa = PBXBuildFile; fileRef = 3A674AC02823C19700BE4B89 /* CartCellFactory.swift */; };
		3A674AC32823D1B700BE4B89 /* CartKeeper.swift in Sources */ = {isa = PBXBuildFile; fileRef = 3A674AC22823D1B700BE4B89 /* CartKeeper.swift */; };
		3A674AC52823D26200BE4B89 /* CartItems.swift in Sources */ = {isa = PBXBuildFile; fileRef = 3A674AC42823D26200BE4B89 /* CartItems.swift */; };
		3A83CD7B2809B217008C9C44 /* AuthViewController.swift in Sources */ = {isa = PBXBuildFile; fileRef = 3A83CD7A2809B217008C9C44 /* AuthViewController.swift */; };
		3A83CD7D2809BBAA008C9C44 /* SignUpViewController.swift in Sources */ = {isa = PBXBuildFile; fileRef = 3A83CD7C2809BBAA008C9C44 /* SignUpViewController.swift */; };
		3A83CD7F2809C30F008C9C44 /* SuccessSignViewController.swift in Sources */ = {isa = PBXBuildFile; fileRef = 3A83CD7E2809C30F008C9C44 /* SuccessSignViewController.swift */; };
		3A83CD812809C844008C9C44 /* MainScreenViewController.swift in Sources */ = {isa = PBXBuildFile; fileRef = 3A83CD802809C844008C9C44 /* MainScreenViewController.swift */; };
		3A83CD832809CD97008C9C44 /* ChangeDataViewController.swift in Sources */ = {isa = PBXBuildFile; fileRef = 3A83CD822809CD97008C9C44 /* ChangeDataViewController.swift */; };
		3A83CD87280AEEAF008C9C44 /* SuccessDataChangeViewController.swift in Sources */ = {isa = PBXBuildFile; fileRef = 3A83CD86280AEEAF008C9C44 /* SuccessDataChangeViewController.swift */; };
		3AB64532280C4B910047EDB9 /* CakesTableViewController.swift in Sources */ = {isa = PBXBuildFile; fileRef = 3AB64531280C4B910047EDB9 /* CakesTableViewController.swift */; };
		3AB64536280C4CAE0047EDB9 /* CakeTableViewCell.swift in Sources */ = {isa = PBXBuildFile; fileRef = 3AB64534280C4CAE0047EDB9 /* CakeTableViewCell.swift */; };
		3AB64537280C4CAE0047EDB9 /* CakeTableViewCell.xib in Resources */ = {isa = PBXBuildFile; fileRef = 3AB64535280C4CAE0047EDB9 /* CakeTableViewCell.xib */; };
		3AB64539280C60D20047EDB9 /* CatalogResponse.swift in Sources */ = {isa = PBXBuildFile; fileRef = 3AB64538280C60D20047EDB9 /* CatalogResponse.swift */; };
		3AB6453B280C6B070047EDB9 /* CakeCellFactory.swift in Sources */ = {isa = PBXBuildFile; fileRef = 3AB6453A280C6B070047EDB9 /* CakeCellFactory.swift */; };
		3AC4D03C28291796009CFAA5 /* UserKeeper.swift in Sources */ = {isa = PBXBuildFile; fileRef = 3AC4D03B28291796009CFAA5 /* UserKeeper.swift */; };
		3AC4D03E282930C8009CFAA5 /* GoogleService-Info.plist in Resources */ = {isa = PBXBuildFile; fileRef = 3AC4D03D282930C8009CFAA5 /* GoogleService-Info.plist */; };
		3AC4D041282933AF009CFAA5 /* FirebaseAnalytics in Frameworks */ = {isa = PBXBuildFile; productRef = 3AC4D040282933AF009CFAA5 /* FirebaseAnalytics */; };
		3AC4D043282933AF009CFAA5 /* FirebaseAnalyticsSwift in Frameworks */ = {isa = PBXBuildFile; productRef = 3AC4D042282933AF009CFAA5 /* FirebaseAnalyticsSwift */; };
		3AC4D045282933AF009CFAA5 /* FirebaseAppCheck in Frameworks */ = {isa = PBXBuildFile; productRef = 3AC4D044282933AF009CFAA5 /* FirebaseAppCheck */; };
		3AC4D047282933AF009CFAA5 /* FirebaseAuth in Frameworks */ = {isa = PBXBuildFile; productRef = 3AC4D046282933AF009CFAA5 /* FirebaseAuth */; };
		3AC4D049282933AF009CFAA5 /* FirebaseCrashlytics in Frameworks */ = {isa = PBXBuildFile; productRef = 3AC4D048282933AF009CFAA5 /* FirebaseCrashlytics */; };
		3AC4D04B282933AF009CFAA5 /* FirebaseDatabaseSwift in Frameworks */ = {isa = PBXBuildFile; productRef = 3AC4D04A282933AF009CFAA5 /* FirebaseDatabaseSwift */; };
		3AC4D04D282933AF009CFAA5 /* FirebaseFirestoreSwift in Frameworks */ = {isa = PBXBuildFile; productRef = 3AC4D04C282933AF009CFAA5 /* FirebaseFirestoreSwift */; };
		3AC4D04F282933AF009CFAA5 /* FirebaseFunctions in Frameworks */ = {isa = PBXBuildFile; productRef = 3AC4D04E282933AF009CFAA5 /* FirebaseFunctions */; };
		3AC4D051282933AF009CFAA5 /* FirebaseInstallations in Frameworks */ = {isa = PBXBuildFile; productRef = 3AC4D050282933AF009CFAA5 /* FirebaseInstallations */; };
		3AC4D053282933AF009CFAA5 /* FirebaseMessaging in Frameworks */ = {isa = PBXBuildFile; productRef = 3AC4D052282933AF009CFAA5 /* FirebaseMessaging */; };
		3AC4D055282933AF009CFAA5 /* FirebaseStorage in Frameworks */ = {isa = PBXBuildFile; productRef = 3AC4D054282933AF009CFAA5 /* FirebaseStorage */; };
		3AC4D05828293812009CFAA5 /* GoogleAnalyticsLogger.swift in Sources */ = {isa = PBXBuildFile; fileRef = 3AC4D05728293812009CFAA5 /* GoogleAnalyticsLogger.swift */; };
		3AC9486B28241B930062321C /* IntFormattedString.swift in Sources */ = {isa = PBXBuildFile; fileRef = 3AC9486A28241B930062321C /* IntFormattedString.swift */; };
		3ADFBCBC27E9BF7000BBB8A3 /* AppDelegate.swift in Sources */ = {isa = PBXBuildFile; fileRef = 3ADFBCBB27E9BF7000BBB8A3 /* AppDelegate.swift */; };
		3ADFBCBE27E9BF7000BBB8A3 /* SceneDelegate.swift in Sources */ = {isa = PBXBuildFile; fileRef = 3ADFBCBD27E9BF7000BBB8A3 /* SceneDelegate.swift */; };
		3ADFBCC827E9BF7500BBB8A3 /* LaunchScreen.storyboard in Resources */ = {isa = PBXBuildFile; fileRef = 3ADFBCC627E9BF7500BBB8A3 /* LaunchScreen.storyboard */; };
		3ADFBCD327E9BF7500BBB8A3 /* TashaDesertsShopTests.swift in Sources */ = {isa = PBXBuildFile; fileRef = 3ADFBCD227E9BF7500BBB8A3 /* TashaDesertsShopTests.swift */; };
		3ADFBCDD27E9BF7500BBB8A3 /* TashaDesertsShopUITests.swift in Sources */ = {isa = PBXBuildFile; fileRef = 3ADFBCDC27E9BF7500BBB8A3 /* TashaDesertsShopUITests.swift */; };
		3ADFBCDF27E9BF7500BBB8A3 /* TashaDesertsShopUITestsLaunchTests.swift in Sources */ = {isa = PBXBuildFile; fileRef = 3ADFBCDE27E9BF7500BBB8A3 /* TashaDesertsShopUITestsLaunchTests.swift */; };
		3AEF4E9B280C89E000DB55CD /* ImageLoaderExtension.swift in Sources */ = {isa = PBXBuildFile; fileRef = 3AEF4E9A280C89E000DB55CD /* ImageLoaderExtension.swift */; };
		3AF6E93D27FEEAE700760311 /* ReviewRequest.swift in Sources */ = {isa = PBXBuildFile; fileRef = 3AF6E93C27FEEAE700760311 /* ReviewRequest.swift */; };
		3AF6E93F27FEEB1500760311 /* ReviewResult.swift in Sources */ = {isa = PBXBuildFile; fileRef = 3AF6E93E27FEEB1500760311 /* ReviewResult.swift */; };
		3AF6E94127FEEC3800760311 /* ReviewRequestFactory.swift in Sources */ = {isa = PBXBuildFile; fileRef = 3AF6E94027FEEC3800760311 /* ReviewRequestFactory.swift */; };
		3AF6E94327FEECAF00760311 /* CommonResult.swift in Sources */ = {isa = PBXBuildFile; fileRef = 3AF6E94227FEECAF00760311 /* CommonResult.swift */; };
		3AF6E94527FEED1900760311 /* Reviews.swift in Sources */ = {isa = PBXBuildFile; fileRef = 3AF6E94427FEED1900760311 /* Reviews.swift */; };
		3AF6E94727FF069200760311 /* CartRequest.swift in Sources */ = {isa = PBXBuildFile; fileRef = 3AF6E94627FF069200760311 /* CartRequest.swift */; };
		3AF6E94927FF06FE00760311 /* CartResponse.swift in Sources */ = {isa = PBXBuildFile; fileRef = 3AF6E94827FF06FE00760311 /* CartResponse.swift */; };
		3AF6E94B27FF073F00760311 /* CartRequestFactory.swift in Sources */ = {isa = PBXBuildFile; fileRef = 3AF6E94A27FF073F00760311 /* CartRequestFactory.swift */; };
		3AF6E94D27FF07B700760311 /* CartReqests.swift in Sources */ = {isa = PBXBuildFile; fileRef = 3AF6E94C27FF07B700760311 /* CartReqests.swift */; };
		3AFF711327F05A3500C5399B /* AbstractErrorParser.swift in Sources */ = {isa = PBXBuildFile; fileRef = 3AFF711227F05A3500C5399B /* AbstractErrorParser.swift */; };
		3AFF711627F05A7B00C5399B /* Alamofire in Frameworks */ = {isa = PBXBuildFile; productRef = 3AFF711527F05A7B00C5399B /* Alamofire */; };
		3AFF711827F05AAA00C5399B /* ErrorParser.swift in Sources */ = {isa = PBXBuildFile; fileRef = 3AFF711727F05AAA00C5399B /* ErrorParser.swift */; };
		3AFF711A27F05D3200C5399B /* DataRequest.swift in Sources */ = {isa = PBXBuildFile; fileRef = 3AFF711927F05D3200C5399B /* DataRequest.swift */; };
		3AFF711C27F05DB200C5399B /* AbstractReqestFactory.swift in Sources */ = {isa = PBXBuildFile; fileRef = 3AFF711B27F05DB200C5399B /* AbstractReqestFactory.swift */; };
		3AFF711E27F05EA400C5399B /* RequestRouter.swift in Sources */ = {isa = PBXBuildFile; fileRef = 3AFF711D27F05EA400C5399B /* RequestRouter.swift */; };
		3AFF712027F0600800C5399B /* LoginResult.swift in Sources */ = {isa = PBXBuildFile; fileRef = 3AFF711F27F0600800C5399B /* LoginResult.swift */; };
		3AFF712227F0603400C5399B /* User.swift in Sources */ = {isa = PBXBuildFile; fileRef = 3AFF712127F0603400C5399B /* User.swift */; };
		3AFF712527F0617500C5399B /* AuthRequestFactory.swift in Sources */ = {isa = PBXBuildFile; fileRef = 3AFF712427F0617500C5399B /* AuthRequestFactory.swift */; };
		3AFF712727F0625C00C5399B /* Auth.swift in Sources */ = {isa = PBXBuildFile; fileRef = 3AFF712627F0625C00C5399B /* Auth.swift */; };
		3AFF712927F0665400C5399B /* RequestFactory.swift in Sources */ = {isa = PBXBuildFile; fileRef = 3AFF712827F0665400C5399B /* RequestFactory.swift */; };
		3AFF712B27F069E300C5399B /* Assets.xcassets in Resources */ = {isa = PBXBuildFile; fileRef = 3AFF712A27F069E300C5399B /* Assets.xcassets */; };
		3AFF712D27F06D3400C5399B /* LogoutResult.swift in Sources */ = {isa = PBXBuildFile; fileRef = 3AFF712C27F06D3400C5399B /* LogoutResult.swift */; };
		3AFF712F27F06DEC00C5399B /* Signup.swift in Sources */ = {isa = PBXBuildFile; fileRef = 3AFF712E27F06DEC00C5399B /* Signup.swift */; };
		3AFF713127F06EAC00C5399B /* SignupRequestFactory.swift in Sources */ = {isa = PBXBuildFile; fileRef = 3AFF713027F06EAC00C5399B /* SignupRequestFactory.swift */; };
		3AFF713427F06EF100C5399B /* SingnupResult.swift in Sources */ = {isa = PBXBuildFile; fileRef = 3AFF713327F06EF100C5399B /* SingnupResult.swift */; };
		3AFF713627F0731F00C5399B /* ChangeUserDataResult.swift in Sources */ = {isa = PBXBuildFile; fileRef = 3AFF713527F0731F00C5399B /* ChangeUserDataResult.swift */; };
		3AFF713827F0737500C5399B /* ChangeUserDataRequestFactory.swift in Sources */ = {isa = PBXBuildFile; fileRef = 3AFF713727F0737500C5399B /* ChangeUserDataRequestFactory.swift */; };
		3AFF713A27F0741400C5399B /* ChangeUserData.swift in Sources */ = {isa = PBXBuildFile; fileRef = 3AFF713927F0741400C5399B /* ChangeUserData.swift */; };
/* End PBXBuildFile section */

/* Begin PBXContainerItemProxy section */
		3ADFBCCF27E9BF7500BBB8A3 /* PBXContainerItemProxy */ = {
			isa = PBXContainerItemProxy;
			containerPortal = 3ADFBCB027E9BF7000BBB8A3 /* Project object */;
			proxyType = 1;
			remoteGlobalIDString = 3ADFBCB727E9BF7000BBB8A3;
			remoteInfo = TashaDesertsShop;
		};
		3ADFBCD927E9BF7500BBB8A3 /* PBXContainerItemProxy */ = {
			isa = PBXContainerItemProxy;
			containerPortal = 3ADFBCB027E9BF7000BBB8A3 /* Project object */;
			proxyType = 1;
			remoteGlobalIDString = 3ADFBCB727E9BF7000BBB8A3;
			remoteInfo = TashaDesertsShop;
		};
/* End PBXContainerItemProxy section */

/* Begin PBXFileReference section */
		3A3A0F2127F59F140097622D /* ResponseCodableTests.swift */ = {isa = PBXFileReference; lastKnownFileType = sourcecode.swift; path = ResponseCodableTests.swift; sourceTree = "<group>"; };
		3A3A0F2427F59F3A0097622D /* Main.storyboard */ = {isa = PBXFileReference; fileEncoding = 4; lastKnownFileType = file.storyboard; path = Main.storyboard; sourceTree = "<group>"; };
		3A3A0F2927F5A6D10097622D /* Catalog.swift */ = {isa = PBXFileReference; lastKnownFileType = sourcecode.swift; path = Catalog.swift; sourceTree = "<group>"; };
		3A3A0F2D27F5A9910097622D /* GetCatalogRequestFactory.swift */ = {isa = PBXFileReference; lastKnownFileType = sourcecode.swift; path = GetCatalogRequestFactory.swift; sourceTree = "<group>"; };
		3A3A0F3027F5AA6B0097622D /* GetCatalog.swift */ = {isa = PBXFileReference; lastKnownFileType = sourcecode.swift; path = GetCatalog.swift; sourceTree = "<group>"; };
		3A3A0F3227F5AC710097622D /* GetProductRequestFactory.swift */ = {isa = PBXFileReference; lastKnownFileType = sourcecode.swift; path = GetProductRequestFactory.swift; sourceTree = "<group>"; };
		3A3A0F3527F5AD600097622D /* GetProduct.swift */ = {isa = PBXFileReference; lastKnownFileType = sourcecode.swift; path = GetProduct.swift; sourceTree = "<group>"; };
		3A3A0F3727F5B2810097622D /* RequestsTest.swift */ = {isa = PBXFileReference; lastKnownFileType = sourcecode.swift; path = RequestsTest.swift; sourceTree = "<group>"; };
		3A4A312C281EE6F20007DF4E /* RoundImageView.swift */ = {isa = PBXFileReference; lastKnownFileType = sourcecode.swift; path = RoundImageView.swift; sourceTree = "<group>"; };
		3A4A312F281FDAE10007DF4E /* CakeItemViewController.swift */ = {isa = PBXFileReference; lastKnownFileType = sourcecode.swift; path = CakeItemViewController.swift; sourceTree = "<group>"; };
		3A4A3131281FE2D20007DF4E /* ProductResponse.swift */ = {isa = PBXFileReference; lastKnownFileType = sourcecode.swift; path = ProductResponse.swift; sourceTree = "<group>"; };
		3A4A3134281FE5160007DF4E /* ProductIDkeeper.swift */ = {isa = PBXFileReference; lastKnownFileType = sourcecode.swift; path = ProductIDkeeper.swift; sourceTree = "<group>"; };
		3A674AB82823C02800BE4B89 /* CartTableViewController.swift */ = {isa = PBXFileReference; lastKnownFileType = sourcecode.swift; path = CartTableViewController.swift; sourceTree = "<group>"; };
		3A674ABA2823C06200BE4B89 /* CartTableViewCell.swift */ = {isa = PBXFileReference; lastKnownFileType = sourcecode.swift; path = CartTableViewCell.swift; sourceTree = "<group>"; };
		3A674ABB2823C06200BE4B89 /* CartTableViewCell.xib */ = {isa = PBXFileReference; lastKnownFileType = file.xib; path = CartTableViewCell.xib; sourceTree = "<group>"; };
		3A674AC02823C19700BE4B89 /* CartCellFactory.swift */ = {isa = PBXFileReference; lastKnownFileType = sourcecode.swift; path = CartCellFactory.swift; sourceTree = "<group>"; };
		3A674AC22823D1B700BE4B89 /* CartKeeper.swift */ = {isa = PBXFileReference; lastKnownFileType = sourcecode.swift; path = CartKeeper.swift; sourceTree = "<group>"; };
		3A674AC42823D26200BE4B89 /* CartItems.swift */ = {isa = PBXFileReference; lastKnownFileType = sourcecode.swift; path = CartItems.swift; sourceTree = "<group>"; };
		3A83CD7A2809B217008C9C44 /* AuthViewController.swift */ = {isa = PBXFileReference; lastKnownFileType = sourcecode.swift; path = AuthViewController.swift; sourceTree = "<group>"; };
		3A83CD7C2809BBAA008C9C44 /* SignUpViewController.swift */ = {isa = PBXFileReference; lastKnownFileType = sourcecode.swift; path = SignUpViewController.swift; sourceTree = "<group>"; };
		3A83CD7E2809C30F008C9C44 /* SuccessSignViewController.swift */ = {isa = PBXFileReference; lastKnownFileType = sourcecode.swift; path = SuccessSignViewController.swift; sourceTree = "<group>"; };
		3A83CD802809C844008C9C44 /* MainScreenViewController.swift */ = {isa = PBXFileReference; lastKnownFileType = sourcecode.swift; path = MainScreenViewController.swift; sourceTree = "<group>"; };
		3A83CD822809CD97008C9C44 /* ChangeDataViewController.swift */ = {isa = PBXFileReference; lastKnownFileType = sourcecode.swift; path = ChangeDataViewController.swift; sourceTree = "<group>"; };
		3A83CD86280AEEAF008C9C44 /* SuccessDataChangeViewController.swift */ = {isa = PBXFileReference; lastKnownFileType = sourcecode.swift; path = SuccessDataChangeViewController.swift; sourceTree = "<group>"; };
		3AB64531280C4B910047EDB9 /* CakesTableViewController.swift */ = {isa = PBXFileReference; lastKnownFileType = sourcecode.swift; path = CakesTableViewController.swift; sourceTree = "<group>"; };
		3AB64534280C4CAE0047EDB9 /* CakeTableViewCell.swift */ = {isa = PBXFileReference; lastKnownFileType = sourcecode.swift; path = CakeTableViewCell.swift; sourceTree = "<group>"; };
		3AB64535280C4CAE0047EDB9 /* CakeTableViewCell.xib */ = {isa = PBXFileReference; lastKnownFileType = file.xib; path = CakeTableViewCell.xib; sourceTree = "<group>"; };
		3AB64538280C60D20047EDB9 /* CatalogResponse.swift */ = {isa = PBXFileReference; lastKnownFileType = sourcecode.swift; path = CatalogResponse.swift; sourceTree = "<group>"; };
		3AB6453A280C6B070047EDB9 /* CakeCellFactory.swift */ = {isa = PBXFileReference; lastKnownFileType = sourcecode.swift; path = CakeCellFactory.swift; sourceTree = "<group>"; };
		3AC4D03B28291796009CFAA5 /* UserKeeper.swift */ = {isa = PBXFileReference; lastKnownFileType = sourcecode.swift; path = UserKeeper.swift; sourceTree = "<group>"; };
		3AC4D03D282930C8009CFAA5 /* GoogleService-Info.plist */ = {isa = PBXFileReference; fileEncoding = 4; lastKnownFileType = text.plist.xml; path = "GoogleService-Info.plist"; sourceTree = "<group>"; };
		3AC4D05728293812009CFAA5 /* GoogleAnalyticsLogger.swift */ = {isa = PBXFileReference; lastKnownFileType = sourcecode.swift; path = GoogleAnalyticsLogger.swift; sourceTree = "<group>"; };
		3AC9486A28241B930062321C /* IntFormattedString.swift */ = {isa = PBXFileReference; lastKnownFileType = sourcecode.swift; path = IntFormattedString.swift; sourceTree = "<group>"; };
		3ADFBCB827E9BF7000BBB8A3 /* TashaDesertsShop.app */ = {isa = PBXFileReference; explicitFileType = wrapper.application; includeInIndex = 0; path = TashaDesertsShop.app; sourceTree = BUILT_PRODUCTS_DIR; };
		3ADFBCBB27E9BF7000BBB8A3 /* AppDelegate.swift */ = {isa = PBXFileReference; lastKnownFileType = sourcecode.swift; path = AppDelegate.swift; sourceTree = "<group>"; };
		3ADFBCBD27E9BF7000BBB8A3 /* SceneDelegate.swift */ = {isa = PBXFileReference; lastKnownFileType = sourcecode.swift; path = SceneDelegate.swift; sourceTree = "<group>"; };
		3ADFBCC727E9BF7500BBB8A3 /* Base */ = {isa = PBXFileReference; lastKnownFileType = file.storyboard; name = Base; path = Base.lproj/LaunchScreen.storyboard; sourceTree = "<group>"; };
		3ADFBCC927E9BF7500BBB8A3 /* Info.plist */ = {isa = PBXFileReference; lastKnownFileType = text.plist.xml; path = Info.plist; sourceTree = "<group>"; };
		3ADFBCCE27E9BF7500BBB8A3 /* TashaDesertsShopTests.xctest */ = {isa = PBXFileReference; explicitFileType = wrapper.cfbundle; includeInIndex = 0; path = TashaDesertsShopTests.xctest; sourceTree = BUILT_PRODUCTS_DIR; };
		3ADFBCD227E9BF7500BBB8A3 /* TashaDesertsShopTests.swift */ = {isa = PBXFileReference; lastKnownFileType = sourcecode.swift; path = TashaDesertsShopTests.swift; sourceTree = "<group>"; };
		3ADFBCD827E9BF7500BBB8A3 /* TashaDesertsShopUITests.xctest */ = {isa = PBXFileReference; explicitFileType = wrapper.cfbundle; includeInIndex = 0; path = TashaDesertsShopUITests.xctest; sourceTree = BUILT_PRODUCTS_DIR; };
		3ADFBCDC27E9BF7500BBB8A3 /* TashaDesertsShopUITests.swift */ = {isa = PBXFileReference; lastKnownFileType = sourcecode.swift; path = TashaDesertsShopUITests.swift; sourceTree = "<group>"; };
		3ADFBCDE27E9BF7500BBB8A3 /* TashaDesertsShopUITestsLaunchTests.swift */ = {isa = PBXFileReference; lastKnownFileType = sourcecode.swift; path = TashaDesertsShopUITestsLaunchTests.swift; sourceTree = "<group>"; };
		3AEF4E9A280C89E000DB55CD /* ImageLoaderExtension.swift */ = {isa = PBXFileReference; lastKnownFileType = sourcecode.swift; path = ImageLoaderExtension.swift; sourceTree = "<group>"; };
		3AF6E93C27FEEAE700760311 /* ReviewRequest.swift */ = {isa = PBXFileReference; lastKnownFileType = sourcecode.swift; path = ReviewRequest.swift; sourceTree = "<group>"; };
		3AF6E93E27FEEB1500760311 /* ReviewResult.swift */ = {isa = PBXFileReference; lastKnownFileType = sourcecode.swift; path = ReviewResult.swift; sourceTree = "<group>"; };
		3AF6E94027FEEC3800760311 /* ReviewRequestFactory.swift */ = {isa = PBXFileReference; lastKnownFileType = sourcecode.swift; path = ReviewRequestFactory.swift; sourceTree = "<group>"; };
		3AF6E94227FEECAF00760311 /* CommonResult.swift */ = {isa = PBXFileReference; lastKnownFileType = sourcecode.swift; path = CommonResult.swift; sourceTree = "<group>"; };
		3AF6E94427FEED1900760311 /* Reviews.swift */ = {isa = PBXFileReference; lastKnownFileType = sourcecode.swift; path = Reviews.swift; sourceTree = "<group>"; };
		3AF6E94627FF069200760311 /* CartRequest.swift */ = {isa = PBXFileReference; lastKnownFileType = sourcecode.swift; path = CartRequest.swift; sourceTree = "<group>"; };
		3AF6E94827FF06FE00760311 /* CartResponse.swift */ = {isa = PBXFileReference; lastKnownFileType = sourcecode.swift; path = CartResponse.swift; sourceTree = "<group>"; };
		3AF6E94A27FF073F00760311 /* CartRequestFactory.swift */ = {isa = PBXFileReference; lastKnownFileType = sourcecode.swift; path = CartRequestFactory.swift; sourceTree = "<group>"; };
		3AF6E94C27FF07B700760311 /* CartReqests.swift */ = {isa = PBXFileReference; lastKnownFileType = sourcecode.swift; path = CartReqests.swift; sourceTree = "<group>"; };
		3AFF711227F05A3500C5399B /* AbstractErrorParser.swift */ = {isa = PBXFileReference; lastKnownFileType = sourcecode.swift; path = AbstractErrorParser.swift; sourceTree = "<group>"; };
		3AFF711727F05AAA00C5399B /* ErrorParser.swift */ = {isa = PBXFileReference; lastKnownFileType = sourcecode.swift; path = ErrorParser.swift; sourceTree = "<group>"; };
		3AFF711927F05D3200C5399B /* DataRequest.swift */ = {isa = PBXFileReference; lastKnownFileType = sourcecode.swift; path = DataRequest.swift; sourceTree = "<group>"; };
		3AFF711B27F05DB200C5399B /* AbstractReqestFactory.swift */ = {isa = PBXFileReference; lastKnownFileType = sourcecode.swift; path = AbstractReqestFactory.swift; sourceTree = "<group>"; };
		3AFF711D27F05EA400C5399B /* RequestRouter.swift */ = {isa = PBXFileReference; lastKnownFileType = sourcecode.swift; path = RequestRouter.swift; sourceTree = "<group>"; };
		3AFF711F27F0600800C5399B /* LoginResult.swift */ = {isa = PBXFileReference; lastKnownFileType = sourcecode.swift; path = LoginResult.swift; sourceTree = "<group>"; };
		3AFF712127F0603400C5399B /* User.swift */ = {isa = PBXFileReference; lastKnownFileType = sourcecode.swift; path = User.swift; sourceTree = "<group>"; };
		3AFF712427F0617500C5399B /* AuthRequestFactory.swift */ = {isa = PBXFileReference; lastKnownFileType = sourcecode.swift; path = AuthRequestFactory.swift; sourceTree = "<group>"; };
		3AFF712627F0625C00C5399B /* Auth.swift */ = {isa = PBXFileReference; lastKnownFileType = sourcecode.swift; path = Auth.swift; sourceTree = "<group>"; };
		3AFF712827F0665400C5399B /* RequestFactory.swift */ = {isa = PBXFileReference; lastKnownFileType = sourcecode.swift; path = RequestFactory.swift; sourceTree = "<group>"; };
		3AFF712A27F069E300C5399B /* Assets.xcassets */ = {isa = PBXFileReference; lastKnownFileType = folder.assetcatalog; path = Assets.xcassets; sourceTree = "<group>"; };
		3AFF712C27F06D3400C5399B /* LogoutResult.swift */ = {isa = PBXFileReference; lastKnownFileType = sourcecode.swift; path = LogoutResult.swift; sourceTree = "<group>"; };
		3AFF712E27F06DEC00C5399B /* Signup.swift */ = {isa = PBXFileReference; lastKnownFileType = sourcecode.swift; path = Signup.swift; sourceTree = "<group>"; };
		3AFF713027F06EAC00C5399B /* SignupRequestFactory.swift */ = {isa = PBXFileReference; lastKnownFileType = sourcecode.swift; path = SignupRequestFactory.swift; sourceTree = "<group>"; };
		3AFF713327F06EF100C5399B /* SingnupResult.swift */ = {isa = PBXFileReference; lastKnownFileType = sourcecode.swift; path = SingnupResult.swift; sourceTree = "<group>"; };
		3AFF713527F0731F00C5399B /* ChangeUserDataResult.swift */ = {isa = PBXFileReference; lastKnownFileType = sourcecode.swift; path = ChangeUserDataResult.swift; sourceTree = "<group>"; };
		3AFF713727F0737500C5399B /* ChangeUserDataRequestFactory.swift */ = {isa = PBXFileReference; lastKnownFileType = sourcecode.swift; path = ChangeUserDataRequestFactory.swift; sourceTree = "<group>"; };
		3AFF713927F0741400C5399B /* ChangeUserData.swift */ = {isa = PBXFileReference; lastKnownFileType = sourcecode.swift; path = ChangeUserData.swift; sourceTree = "<group>"; };
/* End PBXFileReference section */

/* Begin PBXFrameworksBuildPhase section */
		3ADFBCB527E9BF7000BBB8A3 /* Frameworks */ = {
			isa = PBXFrameworksBuildPhase;
			buildActionMask = 2147483647;
			files = (
				3AC4D04B282933AF009CFAA5 /* FirebaseDatabaseSwift in Frameworks */,
				3AC4D045282933AF009CFAA5 /* FirebaseAppCheck in Frameworks */,
				3AC4D047282933AF009CFAA5 /* FirebaseAuth in Frameworks */,
				3AC4D04F282933AF009CFAA5 /* FirebaseFunctions in Frameworks */,
				3AC4D043282933AF009CFAA5 /* FirebaseAnalyticsSwift in Frameworks */,
				3AC4D055282933AF009CFAA5 /* FirebaseStorage in Frameworks */,
				3AC4D049282933AF009CFAA5 /* FirebaseCrashlytics in Frameworks */,
				3AC4D041282933AF009CFAA5 /* FirebaseAnalytics in Frameworks */,
				3AFF711627F05A7B00C5399B /* Alamofire in Frameworks */,
				3AC4D04D282933AF009CFAA5 /* FirebaseFirestoreSwift in Frameworks */,
				3AC4D053282933AF009CFAA5 /* FirebaseMessaging in Frameworks */,
				3AC4D051282933AF009CFAA5 /* FirebaseInstallations in Frameworks */,
			);
			runOnlyForDeploymentPostprocessing = 0;
		};
		3ADFBCCB27E9BF7500BBB8A3 /* Frameworks */ = {
			isa = PBXFrameworksBuildPhase;
			buildActionMask = 2147483647;
			files = (
			);
			runOnlyForDeploymentPostprocessing = 0;
		};
		3ADFBCD527E9BF7500BBB8A3 /* Frameworks */ = {
			isa = PBXFrameworksBuildPhase;
			buildActionMask = 2147483647;
			files = (
			);
			runOnlyForDeploymentPostprocessing = 0;
		};
/* End PBXFrameworksBuildPhase section */

/* Begin PBXGroup section */
		3A3A0F2F27F5AA2E0097622D /* RequestFactory */ = {
			isa = PBXGroup;
			children = (
				3AFF712427F0617500C5399B /* AuthRequestFactory.swift */,
				3AFF712827F0665400C5399B /* RequestFactory.swift */,
				3AFF713027F06EAC00C5399B /* SignupRequestFactory.swift */,
				3AFF713727F0737500C5399B /* ChangeUserDataRequestFactory.swift */,
				3A3A0F2D27F5A9910097622D /* GetCatalogRequestFactory.swift */,
				3A3A0F3227F5AC710097622D /* GetProductRequestFactory.swift */,
				3AF6E94027FEEC3800760311 /* ReviewRequestFactory.swift */,
				3AF6E94A27FF073F00760311 /* CartRequestFactory.swift */,
			);
			path = RequestFactory;
			sourceTree = "<group>";
		};
		3A3A0F3427F5AD480097622D /* Requests */ = {
			isa = PBXGroup;
			children = (
				3AFF712627F0625C00C5399B /* Auth.swift */,
				3AFF712E27F06DEC00C5399B /* Signup.swift */,
				3AFF713927F0741400C5399B /* ChangeUserData.swift */,
				3A3A0F3027F5AA6B0097622D /* GetCatalog.swift */,
				3A3A0F3527F5AD600097622D /* GetProduct.swift */,
				3AF6E94427FEED1900760311 /* Reviews.swift */,
				3AF6E94C27FF07B700760311 /* CartReqests.swift */,
			);
			path = Requests;
			sourceTree = "<group>";
		};
		3A4A312B281EE6D10007DF4E /* UIcomponents */ = {
			isa = PBXGroup;
			children = (
				3A4A312C281EE6F20007DF4E /* RoundImageView.swift */,
			);
			path = UIcomponents;
			sourceTree = "<group>";
		};
		3A4A312E281FDAB90007DF4E /* Controllers */ = {
			isa = PBXGroup;
			children = (
				3AB64531280C4B910047EDB9 /* CakesTableViewController.swift */,
				3A4A312F281FDAE10007DF4E /* CakeItemViewController.swift */,
				3A674AB82823C02800BE4B89 /* CartTableViewController.swift */,
			);
			path = Controllers;
			sourceTree = "<group>";
		};
		3A4A3133281FE4E40007DF4E /* Singltons */ = {
			isa = PBXGroup;
			children = (
				3A4A3134281FE5160007DF4E /* ProductIDkeeper.swift */,
				3A674AC22823D1B700BE4B89 /* CartKeeper.swift */,
				3AC4D03B28291796009CFAA5 /* UserKeeper.swift */,
			);
			path = Singltons;
			sourceTree = "<group>";
		};
		3A674ABE2823C09100BE4B89 /* CakeTableView */ = {
			isa = PBXGroup;
			children = (
				3AB64534280C4CAE0047EDB9 /* CakeTableViewCell.swift */,
				3AB64535280C4CAE0047EDB9 /* CakeTableViewCell.xib */,
				3AB6453A280C6B070047EDB9 /* CakeCellFactory.swift */,
			);
			path = CakeTableView;
			sourceTree = "<group>";
		};
		3A674ABF2823C0A700BE4B89 /* CartTableViewCell */ = {
			isa = PBXGroup;
			children = (
				3A674ABA2823C06200BE4B89 /* CartTableViewCell.swift */,
				3A674ABB2823C06200BE4B89 /* CartTableViewCell.xib */,
				3A674AC02823C19700BE4B89 /* CartCellFactory.swift */,
			);
			path = CartTableViewCell;
			sourceTree = "<group>";
		};
		3AB6452C280C484C0047EDB9 /* AuthController */ = {
			isa = PBXGroup;
			children = (
				3A83CD7A2809B217008C9C44 /* AuthViewController.swift */,
			);
			path = AuthController;
			sourceTree = "<group>";
		};
		3AB6452D280C48600047EDB9 /* SignupController */ = {
			isa = PBXGroup;
			children = (
				3A83CD7C2809BBAA008C9C44 /* SignUpViewController.swift */,
				3A83CD7E2809C30F008C9C44 /* SuccessSignViewController.swift */,
			);
			path = SignupController;
			sourceTree = "<group>";
		};
		3AB6452E280C499A0047EDB9 /* Main */ = {
			isa = PBXGroup;
			children = (
				3A3A0F2427F59F3A0097622D /* Main.storyboard */,
				3A83CD802809C844008C9C44 /* MainScreenViewController.swift */,
			);
			path = Main;
			sourceTree = "<group>";
		};
		3AB6452F280C49E40047EDB9 /* ChangeDataViewController */ = {
			isa = PBXGroup;
			children = (
				3A83CD822809CD97008C9C44 /* ChangeDataViewController.swift */,
				3A83CD86280AEEAF008C9C44 /* SuccessDataChangeViewController.swift */,
			);
			path = ChangeDataViewController;
			sourceTree = "<group>";
		};
		3AB64530280C4B670047EDB9 /* Catalog */ = {
			isa = PBXGroup;
			children = (
				3A4A312E281FDAB90007DF4E /* Controllers */,
				3AB64533280C4C9A0047EDB9 /* Cell */,
			);
			path = Catalog;
			sourceTree = "<group>";
		};
		3AB64533280C4C9A0047EDB9 /* Cell */ = {
			isa = PBXGroup;
			children = (
				3A674ABF2823C0A700BE4B89 /* CartTableViewCell */,
				3A674ABE2823C09100BE4B89 /* CakeTableView */,
			);
			path = Cell;
			sourceTree = "<group>";
		};
		3AC4D056282937FB009CFAA5 /* Logger */ = {
			isa = PBXGroup;
			children = (
				3AC4D05728293812009CFAA5 /* GoogleAnalyticsLogger.swift */,
			);
			path = Logger;
			sourceTree = "<group>";
		};
		3ADFBCAF27E9BF7000BBB8A3 = {
			isa = PBXGroup;
			children = (
				3ADFBCBA27E9BF7000BBB8A3 /* TashaDesertsShop */,
				3ADFBCD127E9BF7500BBB8A3 /* TashaDesertsShopTests */,
				3ADFBCDB27E9BF7500BBB8A3 /* TashaDesertsShopUITests */,
				3ADFBCB927E9BF7000BBB8A3 /* Products */,
			);
			sourceTree = "<group>";
		};
		3ADFBCB927E9BF7000BBB8A3 /* Products */ = {
			isa = PBXGroup;
			children = (
				3ADFBCB827E9BF7000BBB8A3 /* TashaDesertsShop.app */,
				3ADFBCCE27E9BF7500BBB8A3 /* TashaDesertsShopTests.xctest */,
				3ADFBCD827E9BF7500BBB8A3 /* TashaDesertsShopUITests.xctest */,
			);
			name = Products;
			sourceTree = "<group>";
		};
		3ADFBCBA27E9BF7000BBB8A3 /* TashaDesertsShop */ = {
			isa = PBXGroup;
			children = (
				3ADFBCEB27E9C44900BBB8A3 /* App */,
				3ADFBCEC27E9C46100BBB8A3 /* Core */,
				3ADFBCED27E9C46C00BBB8A3 /* Resourses */,
				3ADFBCEE27E9C47500BBB8A3 /* Enviroments */,
			);
			path = TashaDesertsShop;
			sourceTree = "<group>";
		};
		3ADFBCD127E9BF7500BBB8A3 /* TashaDesertsShopTests */ = {
			isa = PBXGroup;
			children = (
				3ADFBCD227E9BF7500BBB8A3 /* TashaDesertsShopTests.swift */,
				3A3A0F2127F59F140097622D /* ResponseCodableTests.swift */,
				3A3A0F3727F5B2810097622D /* RequestsTest.swift */,
			);
			path = TashaDesertsShopTests;
			sourceTree = "<group>";
		};
		3ADFBCDB27E9BF7500BBB8A3 /* TashaDesertsShopUITests */ = {
			isa = PBXGroup;
			children = (
				3ADFBCDC27E9BF7500BBB8A3 /* TashaDesertsShopUITests.swift */,
				3ADFBCDE27E9BF7500BBB8A3 /* TashaDesertsShopUITestsLaunchTests.swift */,
			);
			path = TashaDesertsShopUITests;
			sourceTree = "<group>";
		};
		3ADFBCEB27E9C44900BBB8A3 /* App */ = {
			isa = PBXGroup;
			children = (
				3ADFBCBB27E9BF7000BBB8A3 /* AppDelegate.swift */,
				3ADFBCBD27E9BF7000BBB8A3 /* SceneDelegate.swift */,
				3ADFBCF227E9C4DF00BBB8A3 /* Flows */,
				3ADFBCF127E9C4CC00BBB8A3 /* Assembly */,
				3ADFBCF027E9C4BD00BBB8A3 /* Entity */,
				3ADFBCEF27E9C4AA00BBB8A3 /* BusinessLogic */,
			);
			path = App;
			sourceTree = "<group>";
		};
		3ADFBCEC27E9C46100BBB8A3 /* Core */ = {
			isa = PBXGroup;
			children = (
				3AC4D056282937FB009CFAA5 /* Logger */,
				3A4A3133281FE4E40007DF4E /* Singltons */,
				3A4A312B281EE6D10007DF4E /* UIcomponents */,
				3AEF4E99280C89BF00DB55CD /* Extensions */,
				3AFF711127F05A0E00C5399B /* Network */,
			);
			path = Core;
			sourceTree = "<group>";
		};
		3ADFBCED27E9C46C00BBB8A3 /* Resourses */ = {
			isa = PBXGroup;
			children = (
				3AFF712A27F069E300C5399B /* Assets.xcassets */,
				3ADFBCC627E9BF7500BBB8A3 /* LaunchScreen.storyboard */,
			);
			path = Resourses;
			sourceTree = "<group>";
		};
		3ADFBCEE27E9C47500BBB8A3 /* Enviroments */ = {
			isa = PBXGroup;
			children = (
				3ADFBCC927E9BF7500BBB8A3 /* Info.plist */,
				3AC4D03D282930C8009CFAA5 /* GoogleService-Info.plist */,
			);
			path = Enviroments;
			sourceTree = "<group>";
		};
		3ADFBCEF27E9C4AA00BBB8A3 /* BusinessLogic */ = {
			isa = PBXGroup;
			children = (
				3AFF712327F0614E00C5399B /* Network */,
			);
			path = BusinessLogic;
			sourceTree = "<group>";
		};
		3ADFBCF027E9C4BD00BBB8A3 /* Entity */ = {
			isa = PBXGroup;
			children = (
				3AFF711F27F0600800C5399B /* LoginResult.swift */,
				3AFF712127F0603400C5399B /* User.swift */,
				3AFF712C27F06D3400C5399B /* LogoutResult.swift */,
				3AFF713327F06EF100C5399B /* SingnupResult.swift */,
				3AFF713527F0731F00C5399B /* ChangeUserDataResult.swift */,
				3A3A0F2927F5A6D10097622D /* Catalog.swift */,
				3AF6E93C27FEEAE700760311 /* ReviewRequest.swift */,
				3AF6E93E27FEEB1500760311 /* ReviewResult.swift */,
				3AF6E94227FEECAF00760311 /* CommonResult.swift */,
				3AF6E94627FF069200760311 /* CartRequest.swift */,
				3AF6E94827FF06FE00760311 /* CartResponse.swift */,
				3AB64538280C60D20047EDB9 /* CatalogResponse.swift */,
				3A4A3131281FE2D20007DF4E /* ProductResponse.swift */,
				3A674AC42823D26200BE4B89 /* CartItems.swift */,
			);
			path = Entity;
			sourceTree = "<group>";
		};
		3ADFBCF127E9C4CC00BBB8A3 /* Assembly */ = {
			isa = PBXGroup;
			children = (
			);
			path = Assembly;
			sourceTree = "<group>";
		};
		3ADFBCF227E9C4DF00BBB8A3 /* Flows */ = {
			isa = PBXGroup;
			children = (
				3AB64530280C4B670047EDB9 /* Catalog */,
				3AB6452F280C49E40047EDB9 /* ChangeDataViewController */,
				3AB6452E280C499A0047EDB9 /* Main */,
				3AB6452D280C48600047EDB9 /* SignupController */,
				3AB6452C280C484C0047EDB9 /* AuthController */,
			);
			path = Flows;
			sourceTree = "<group>";
		};
		3AEF4E99280C89BF00DB55CD /* Extensions */ = {
			isa = PBXGroup;
			children = (
				3AEF4E9A280C89E000DB55CD /* ImageLoaderExtension.swift */,
				3AC9486A28241B930062321C /* IntFormattedString.swift */,
			);
			path = Extensions;
			sourceTree = "<group>";
		};
		3AFF711127F05A0E00C5399B /* Network */ = {
			isa = PBXGroup;
			children = (
				3AFF711227F05A3500C5399B /* AbstractErrorParser.swift */,
				3AFF711727F05AAA00C5399B /* ErrorParser.swift */,
				3AFF711927F05D3200C5399B /* DataRequest.swift */,
				3AFF711B27F05DB200C5399B /* AbstractReqestFactory.swift */,
				3AFF711D27F05EA400C5399B /* RequestRouter.swift */,
			);
			path = Network;
			sourceTree = "<group>";
		};
		3AFF712327F0614E00C5399B /* Network */ = {
			isa = PBXGroup;
			children = (
				3A3A0F3427F5AD480097622D /* Requests */,
				3A3A0F2F27F5AA2E0097622D /* RequestFactory */,
			);
			path = Network;
			sourceTree = "<group>";
		};
/* End PBXGroup section */

/* Begin PBXNativeTarget section */
		3ADFBCB727E9BF7000BBB8A3 /* TashaDesertsShop */ = {
			isa = PBXNativeTarget;
			buildConfigurationList = 3ADFBCE227E9BF7500BBB8A3 /* Build configuration list for PBXNativeTarget "TashaDesertsShop" */;
			buildPhases = (
				3ADFBCB427E9BF7000BBB8A3 /* Sources */,
				3ADFBCB527E9BF7000BBB8A3 /* Frameworks */,
				3ADFBCB627E9BF7000BBB8A3 /* Resources */,
			);
			buildRules = (
			);
			dependencies = (
			);
			name = TashaDesertsShop;
			packageProductDependencies = (
				3AFF711527F05A7B00C5399B /* Alamofire */,
				3AC4D040282933AF009CFAA5 /* FirebaseAnalytics */,
				3AC4D042282933AF009CFAA5 /* FirebaseAnalyticsSwift */,
				3AC4D044282933AF009CFAA5 /* FirebaseAppCheck */,
				3AC4D046282933AF009CFAA5 /* FirebaseAuth */,
				3AC4D048282933AF009CFAA5 /* FirebaseCrashlytics */,
				3AC4D04A282933AF009CFAA5 /* FirebaseDatabaseSwift */,
				3AC4D04C282933AF009CFAA5 /* FirebaseFirestoreSwift */,
				3AC4D04E282933AF009CFAA5 /* FirebaseFunctions */,
				3AC4D050282933AF009CFAA5 /* FirebaseInstallations */,
				3AC4D052282933AF009CFAA5 /* FirebaseMessaging */,
				3AC4D054282933AF009CFAA5 /* FirebaseStorage */,
			);
			productName = TashaDesertsShop;
			productReference = 3ADFBCB827E9BF7000BBB8A3 /* TashaDesertsShop.app */;
			productType = "com.apple.product-type.application";
		};
		3ADFBCCD27E9BF7500BBB8A3 /* TashaDesertsShopTests */ = {
			isa = PBXNativeTarget;
			buildConfigurationList = 3ADFBCE527E9BF7500BBB8A3 /* Build configuration list for PBXNativeTarget "TashaDesertsShopTests" */;
			buildPhases = (
				3ADFBCCA27E9BF7500BBB8A3 /* Sources */,
				3ADFBCCB27E9BF7500BBB8A3 /* Frameworks */,
				3ADFBCCC27E9BF7500BBB8A3 /* Resources */,
			);
			buildRules = (
			);
			dependencies = (
				3ADFBCD027E9BF7500BBB8A3 /* PBXTargetDependency */,
			);
			name = TashaDesertsShopTests;
			productName = TashaDesertsShopTests;
			productReference = 3ADFBCCE27E9BF7500BBB8A3 /* TashaDesertsShopTests.xctest */;
			productType = "com.apple.product-type.bundle.unit-test";
		};
		3ADFBCD727E9BF7500BBB8A3 /* TashaDesertsShopUITests */ = {
			isa = PBXNativeTarget;
			buildConfigurationList = 3ADFBCE827E9BF7500BBB8A3 /* Build configuration list for PBXNativeTarget "TashaDesertsShopUITests" */;
			buildPhases = (
				3ADFBCD427E9BF7500BBB8A3 /* Sources */,
				3ADFBCD527E9BF7500BBB8A3 /* Frameworks */,
				3ADFBCD627E9BF7500BBB8A3 /* Resources */,
			);
			buildRules = (
			);
			dependencies = (
				3ADFBCDA27E9BF7500BBB8A3 /* PBXTargetDependency */,
			);
			name = TashaDesertsShopUITests;
			productName = TashaDesertsShopUITests;
			productReference = 3ADFBCD827E9BF7500BBB8A3 /* TashaDesertsShopUITests.xctest */;
			productType = "com.apple.product-type.bundle.ui-testing";
		};
/* End PBXNativeTarget section */

/* Begin PBXProject section */
		3ADFBCB027E9BF7000BBB8A3 /* Project object */ = {
			isa = PBXProject;
			attributes = {
				BuildIndependentTargetsInParallel = 1;
				LastSwiftUpdateCheck = 1330;
				LastUpgradeCheck = 1330;
				TargetAttributes = {
					3ADFBCB727E9BF7000BBB8A3 = {
						CreatedOnToolsVersion = 13.3;
					};
					3ADFBCCD27E9BF7500BBB8A3 = {
						CreatedOnToolsVersion = 13.3;
						TestTargetID = 3ADFBCB727E9BF7000BBB8A3;
					};
					3ADFBCD727E9BF7500BBB8A3 = {
						CreatedOnToolsVersion = 13.3;
						TestTargetID = 3ADFBCB727E9BF7000BBB8A3;
					};
				};
			};
			buildConfigurationList = 3ADFBCB327E9BF7000BBB8A3 /* Build configuration list for PBXProject "TashaDesertsShop" */;
			compatibilityVersion = "Xcode 13.0";
			developmentRegion = en;
			hasScannedForEncodings = 0;
			knownRegions = (
				en,
				Base,
			);
			mainGroup = 3ADFBCAF27E9BF7000BBB8A3;
			packageReferences = (
				3AFF711427F05A7B00C5399B /* XCRemoteSwiftPackageReference "Alamofire" */,
				3AC4D03F282933AF009CFAA5 /* XCRemoteSwiftPackageReference "firebase-ios-sdk" */,
			);
			productRefGroup = 3ADFBCB927E9BF7000BBB8A3 /* Products */;
			projectDirPath = "";
			projectRoot = "";
			targets = (
				3ADFBCB727E9BF7000BBB8A3 /* TashaDesertsShop */,
				3ADFBCCD27E9BF7500BBB8A3 /* TashaDesertsShopTests */,
				3ADFBCD727E9BF7500BBB8A3 /* TashaDesertsShopUITests */,
			);
		};
/* End PBXProject section */

/* Begin PBXResourcesBuildPhase section */
		3ADFBCB627E9BF7000BBB8A3 /* Resources */ = {
			isa = PBXResourcesBuildPhase;
			buildActionMask = 2147483647;
			files = (
				3A674ABD2823C06200BE4B89 /* CartTableViewCell.xib in Resources */,
				3ADFBCC827E9BF7500BBB8A3 /* LaunchScreen.storyboard in Resources */,
				3AB64537280C4CAE0047EDB9 /* CakeTableViewCell.xib in Resources */,
				3A3A0F2627F59F3A0097622D /* Main.storyboard in Resources */,
				3AFF712B27F069E300C5399B /* Assets.xcassets in Resources */,
				3AC4D03E282930C8009CFAA5 /* GoogleService-Info.plist in Resources */,
			);
			runOnlyForDeploymentPostprocessing = 0;
		};
		3ADFBCCC27E9BF7500BBB8A3 /* Resources */ = {
			isa = PBXResourcesBuildPhase;
			buildActionMask = 2147483647;
			files = (
			);
			runOnlyForDeploymentPostprocessing = 0;
		};
		3ADFBCD627E9BF7500BBB8A3 /* Resources */ = {
			isa = PBXResourcesBuildPhase;
			buildActionMask = 2147483647;
			files = (
			);
			runOnlyForDeploymentPostprocessing = 0;
		};
/* End PBXResourcesBuildPhase section */

/* Begin PBXSourcesBuildPhase section */
		3ADFBCB427E9BF7000BBB8A3 /* Sources */ = {
			isa = PBXSourcesBuildPhase;
			buildActionMask = 2147483647;
			files = (
				3A4A3132281FE2D20007DF4E /* ProductResponse.swift in Sources */,
				3AC9486B28241B930062321C /* IntFormattedString.swift in Sources */,
				3AFF713A27F0741400C5399B /* ChangeUserData.swift in Sources */,
				3AFF712927F0665400C5399B /* RequestFactory.swift in Sources */,
				3AB64539280C60D20047EDB9 /* CatalogResponse.swift in Sources */,
				3AFF713427F06EF100C5399B /* SingnupResult.swift in Sources */,
				3AF6E94327FEECAF00760311 /* CommonResult.swift in Sources */,
				3AFF713627F0731F00C5399B /* ChangeUserDataResult.swift in Sources */,
				3AFF713127F06EAC00C5399B /* SignupRequestFactory.swift in Sources */,
				3A3A0F3627F5AD600097622D /* GetProduct.swift in Sources */,
				3AFF711327F05A3500C5399B /* AbstractErrorParser.swift in Sources */,
				3AEF4E9B280C89E000DB55CD /* ImageLoaderExtension.swift in Sources */,
				3AF6E94D27FF07B700760311 /* CartReqests.swift in Sources */,
				3A4A3130281FDAE10007DF4E /* CakeItemViewController.swift in Sources */,
				3AFF712D27F06D3400C5399B /* LogoutResult.swift in Sources */,
				3AFF711A27F05D3200C5399B /* DataRequest.swift in Sources */,
				3A83CD7B2809B217008C9C44 /* AuthViewController.swift in Sources */,
				3AF6E93F27FEEB1500760311 /* ReviewResult.swift in Sources */,
				3A674ABC2823C06200BE4B89 /* CartTableViewCell.swift in Sources */,
				3A83CD812809C844008C9C44 /* MainScreenViewController.swift in Sources */,
				3A674AC52823D26200BE4B89 /* CartItems.swift in Sources */,
				3A3A0F2E27F5A9910097622D /* GetCatalogRequestFactory.swift in Sources */,
				3A83CD832809CD97008C9C44 /* ChangeDataViewController.swift in Sources */,
				3AFF712527F0617500C5399B /* AuthRequestFactory.swift in Sources */,
				3AFF711E27F05EA400C5399B /* RequestRouter.swift in Sources */,
				3AB6453B280C6B070047EDB9 /* CakeCellFactory.swift in Sources */,
				3ADFBCBC27E9BF7000BBB8A3 /* AppDelegate.swift in Sources */,
				3AC4D05828293812009CFAA5 /* GoogleAnalyticsLogger.swift in Sources */,
				3AFF712F27F06DEC00C5399B /* Signup.swift in Sources */,
				3AB64536280C4CAE0047EDB9 /* CakeTableViewCell.swift in Sources */,
				3A83CD87280AEEAF008C9C44 /* SuccessDataChangeViewController.swift in Sources */,
				3AFF712027F0600800C5399B /* LoginResult.swift in Sources */,
				3AFF712727F0625C00C5399B /* Auth.swift in Sources */,
				3AF6E94B27FF073F00760311 /* CartRequestFactory.swift in Sources */,
				3A674AB92823C02800BE4B89 /* CartTableViewController.swift in Sources */,
				3AF6E94127FEEC3800760311 /* ReviewRequestFactory.swift in Sources */,
				3AFF713827F0737500C5399B /* ChangeUserDataRequestFactory.swift in Sources */,
				3AFF712227F0603400C5399B /* User.swift in Sources */,
				3AF6E94527FEED1900760311 /* Reviews.swift in Sources */,
				3A4A312D281EE6F20007DF4E /* RoundImageView.swift in Sources */,
				3AF6E94927FF06FE00760311 /* CartResponse.swift in Sources */,
				3AF6E93D27FEEAE700760311 /* ReviewRequest.swift in Sources */,
				3ADFBCBE27E9BF7000BBB8A3 /* SceneDelegate.swift in Sources */,
				3A3A0F2A27F5A6D10097622D /* Catalog.swift in Sources */,
				3A83CD7F2809C30F008C9C44 /* SuccessSignViewController.swift in Sources */,
				3AFF711C27F05DB200C5399B /* AbstractReqestFactory.swift in Sources */,
				3A674AC12823C19700BE4B89 /* CartCellFactory.swift in Sources */,
				3A3A0F3327F5AC710097622D /* GetProductRequestFactory.swift in Sources */,
				3AC4D03C28291796009CFAA5 /* UserKeeper.swift in Sources */,
				3A4A3135281FE5160007DF4E /* ProductIDkeeper.swift in Sources */,
				3A3A0F3127F5AA6B0097622D /* GetCatalog.swift in Sources */,
				3AFF711827F05AAA00C5399B /* ErrorParser.swift in Sources */,
				3AF6E94727FF069200760311 /* CartRequest.swift in Sources */,
				3A674AC32823D1B700BE4B89 /* CartKeeper.swift in Sources */,
				3A83CD7D2809BBAA008C9C44 /* SignUpViewController.swift in Sources */,
				3AB64532280C4B910047EDB9 /* CakesTableViewController.swift in Sources */,
			);
			runOnlyForDeploymentPostprocessing = 0;
		};
		3ADFBCCA27E9BF7500BBB8A3 /* Sources */ = {
			isa = PBXSourcesBuildPhase;
			buildActionMask = 2147483647;
			files = (
				3ADFBCD327E9BF7500BBB8A3 /* TashaDesertsShopTests.swift in Sources */,
				3A3A0F3827F5B2810097622D /* RequestsTest.swift in Sources */,
				3A3A0F2227F59F140097622D /* ResponseCodableTests.swift in Sources */,
			);
			runOnlyForDeploymentPostprocessing = 0;
		};
		3ADFBCD427E9BF7500BBB8A3 /* Sources */ = {
			isa = PBXSourcesBuildPhase;
			buildActionMask = 2147483647;
			files = (
				3ADFBCDD27E9BF7500BBB8A3 /* TashaDesertsShopUITests.swift in Sources */,
				3ADFBCDF27E9BF7500BBB8A3 /* TashaDesertsShopUITestsLaunchTests.swift in Sources */,
			);
			runOnlyForDeploymentPostprocessing = 0;
		};
/* End PBXSourcesBuildPhase section */

/* Begin PBXTargetDependency section */
		3ADFBCD027E9BF7500BBB8A3 /* PBXTargetDependency */ = {
			isa = PBXTargetDependency;
			target = 3ADFBCB727E9BF7000BBB8A3 /* TashaDesertsShop */;
			targetProxy = 3ADFBCCF27E9BF7500BBB8A3 /* PBXContainerItemProxy */;
		};
		3ADFBCDA27E9BF7500BBB8A3 /* PBXTargetDependency */ = {
			isa = PBXTargetDependency;
			target = 3ADFBCB727E9BF7000BBB8A3 /* TashaDesertsShop */;
			targetProxy = 3ADFBCD927E9BF7500BBB8A3 /* PBXContainerItemProxy */;
		};
/* End PBXTargetDependency section */

/* Begin PBXVariantGroup section */
		3ADFBCC627E9BF7500BBB8A3 /* LaunchScreen.storyboard */ = {
			isa = PBXVariantGroup;
			children = (
				3ADFBCC727E9BF7500BBB8A3 /* Base */,
			);
			name = LaunchScreen.storyboard;
			sourceTree = "<group>";
		};
/* End PBXVariantGroup section */

/* Begin XCBuildConfiguration section */
		3ADFBCE027E9BF7500BBB8A3 /* Debug */ = {
			isa = XCBuildConfiguration;
			buildSettings = {
				ALWAYS_SEARCH_USER_PATHS = NO;
				CLANG_ANALYZER_NONNULL = YES;
				CLANG_ANALYZER_NUMBER_OBJECT_CONVERSION = YES_AGGRESSIVE;
				CLANG_CXX_LANGUAGE_STANDARD = "gnu++17";
				CLANG_ENABLE_MODULES = YES;
				CLANG_ENABLE_OBJC_ARC = YES;
				CLANG_ENABLE_OBJC_WEAK = YES;
				CLANG_WARN_BLOCK_CAPTURE_AUTORELEASING = YES;
				CLANG_WARN_BOOL_CONVERSION = YES;
				CLANG_WARN_COMMA = YES;
				CLANG_WARN_CONSTANT_CONVERSION = YES;
				CLANG_WARN_DEPRECATED_OBJC_IMPLEMENTATIONS = YES;
				CLANG_WARN_DIRECT_OBJC_ISA_USAGE = YES_ERROR;
				CLANG_WARN_DOCUMENTATION_COMMENTS = YES;
				CLANG_WARN_EMPTY_BODY = YES;
				CLANG_WARN_ENUM_CONVERSION = YES;
				CLANG_WARN_INFINITE_RECURSION = YES;
				CLANG_WARN_INT_CONVERSION = YES;
				CLANG_WARN_NON_LITERAL_NULL_CONVERSION = YES;
				CLANG_WARN_OBJC_IMPLICIT_RETAIN_SELF = YES;
				CLANG_WARN_OBJC_LITERAL_CONVERSION = YES;
				CLANG_WARN_OBJC_ROOT_CLASS = YES_ERROR;
				CLANG_WARN_QUOTED_INCLUDE_IN_FRAMEWORK_HEADER = YES;
				CLANG_WARN_RANGE_LOOP_ANALYSIS = YES;
				CLANG_WARN_STRICT_PROTOTYPES = YES;
				CLANG_WARN_SUSPICIOUS_MOVE = YES;
				CLANG_WARN_UNGUARDED_AVAILABILITY = YES_AGGRESSIVE;
				CLANG_WARN_UNREACHABLE_CODE = YES;
				CLANG_WARN__DUPLICATE_METHOD_MATCH = YES;
				COPY_PHASE_STRIP = NO;
				DEBUG_INFORMATION_FORMAT = dwarf;
				ENABLE_STRICT_OBJC_MSGSEND = YES;
				ENABLE_TESTABILITY = YES;
				GCC_C_LANGUAGE_STANDARD = gnu11;
				GCC_DYNAMIC_NO_PIC = NO;
				GCC_NO_COMMON_BLOCKS = YES;
				GCC_OPTIMIZATION_LEVEL = 0;
				GCC_PREPROCESSOR_DEFINITIONS = (
					"DEBUG=1",
					"$(inherited)",
				);
				GCC_WARN_64_TO_32_BIT_CONVERSION = YES;
				GCC_WARN_ABOUT_RETURN_TYPE = YES_ERROR;
				GCC_WARN_UNDECLARED_SELECTOR = YES;
				GCC_WARN_UNINITIALIZED_AUTOS = YES_AGGRESSIVE;
				GCC_WARN_UNUSED_FUNCTION = YES;
				GCC_WARN_UNUSED_VARIABLE = YES;
				IPHONEOS_DEPLOYMENT_TARGET = 15.4;
				MTL_ENABLE_DEBUG_INFO = INCLUDE_SOURCE;
				MTL_FAST_MATH = YES;
				ONLY_ACTIVE_ARCH = YES;
				SDKROOT = iphoneos;
				SWIFT_ACTIVE_COMPILATION_CONDITIONS = DEBUG;
				SWIFT_OPTIMIZATION_LEVEL = "-Onone";
			};
			name = Debug;
		};
		3ADFBCE127E9BF7500BBB8A3 /* Release */ = {
			isa = XCBuildConfiguration;
			buildSettings = {
				ALWAYS_SEARCH_USER_PATHS = NO;
				CLANG_ANALYZER_NONNULL = YES;
				CLANG_ANALYZER_NUMBER_OBJECT_CONVERSION = YES_AGGRESSIVE;
				CLANG_CXX_LANGUAGE_STANDARD = "gnu++17";
				CLANG_ENABLE_MODULES = YES;
				CLANG_ENABLE_OBJC_ARC = YES;
				CLANG_ENABLE_OBJC_WEAK = YES;
				CLANG_WARN_BLOCK_CAPTURE_AUTORELEASING = YES;
				CLANG_WARN_BOOL_CONVERSION = YES;
				CLANG_WARN_COMMA = YES;
				CLANG_WARN_CONSTANT_CONVERSION = YES;
				CLANG_WARN_DEPRECATED_OBJC_IMPLEMENTATIONS = YES;
				CLANG_WARN_DIRECT_OBJC_ISA_USAGE = YES_ERROR;
				CLANG_WARN_DOCUMENTATION_COMMENTS = YES;
				CLANG_WARN_EMPTY_BODY = YES;
				CLANG_WARN_ENUM_CONVERSION = YES;
				CLANG_WARN_INFINITE_RECURSION = YES;
				CLANG_WARN_INT_CONVERSION = YES;
				CLANG_WARN_NON_LITERAL_NULL_CONVERSION = YES;
				CLANG_WARN_OBJC_IMPLICIT_RETAIN_SELF = YES;
				CLANG_WARN_OBJC_LITERAL_CONVERSION = YES;
				CLANG_WARN_OBJC_ROOT_CLASS = YES_ERROR;
				CLANG_WARN_QUOTED_INCLUDE_IN_FRAMEWORK_HEADER = YES;
				CLANG_WARN_RANGE_LOOP_ANALYSIS = YES;
				CLANG_WARN_STRICT_PROTOTYPES = YES;
				CLANG_WARN_SUSPICIOUS_MOVE = YES;
				CLANG_WARN_UNGUARDED_AVAILABILITY = YES_AGGRESSIVE;
				CLANG_WARN_UNREACHABLE_CODE = YES;
				CLANG_WARN__DUPLICATE_METHOD_MATCH = YES;
				COPY_PHASE_STRIP = NO;
				DEBUG_INFORMATION_FORMAT = "dwarf-with-dsym";
				ENABLE_NS_ASSERTIONS = NO;
				ENABLE_STRICT_OBJC_MSGSEND = YES;
				GCC_C_LANGUAGE_STANDARD = gnu11;
				GCC_NO_COMMON_BLOCKS = YES;
				GCC_WARN_64_TO_32_BIT_CONVERSION = YES;
				GCC_WARN_ABOUT_RETURN_TYPE = YES_ERROR;
				GCC_WARN_UNDECLARED_SELECTOR = YES;
				GCC_WARN_UNINITIALIZED_AUTOS = YES_AGGRESSIVE;
				GCC_WARN_UNUSED_FUNCTION = YES;
				GCC_WARN_UNUSED_VARIABLE = YES;
				IPHONEOS_DEPLOYMENT_TARGET = 15.4;
				MTL_ENABLE_DEBUG_INFO = NO;
				MTL_FAST_MATH = YES;
				SDKROOT = iphoneos;
				SWIFT_COMPILATION_MODE = wholemodule;
				SWIFT_OPTIMIZATION_LEVEL = "-O";
				VALIDATE_PRODUCT = YES;
			};
			name = Release;
		};
		3ADFBCE327E9BF7500BBB8A3 /* Debug */ = {
			isa = XCBuildConfiguration;
			buildSettings = {
				ASSETCATALOG_COMPILER_APPICON_NAME = AppIcon;
				ASSETCATALOG_COMPILER_GLOBAL_ACCENT_COLOR_NAME = AccentColor;
				CODE_SIGN_STYLE = Automatic;
				CURRENT_PROJECT_VERSION = 1;
				DEVELOPMENT_TEAM = K945D33793;
				GENERATE_INFOPLIST_FILE = YES;
				INFOPLIST_FILE = TashaDesertsShop/Info.plist;
				INFOPLIST_KEY_UIApplicationSupportsIndirectInputEvents = YES;
				INFOPLIST_KEY_UILaunchStoryboardName = LaunchScreen;
				INFOPLIST_KEY_UIMainStoryboardFile = Main;
				INFOPLIST_KEY_UISupportedInterfaceOrientations_iPad = "UIInterfaceOrientationPortrait UIInterfaceOrientationPortraitUpsideDown UIInterfaceOrientationLandscapeLeft UIInterfaceOrientationLandscapeRight";
				INFOPLIST_KEY_UISupportedInterfaceOrientations_iPhone = "UIInterfaceOrientationPortrait UIInterfaceOrientationLandscapeLeft UIInterfaceOrientationLandscapeRight";
				LD_RUNPATH_SEARCH_PATHS = (
					"$(inherited)",
					"@executable_path/Frameworks",
				);
				MARKETING_VERSION = 1.0;
				PRODUCT_BUNDLE_IDENTIFIER = evstarshov.TashaDesertsShop;
				PRODUCT_NAME = "$(TARGET_NAME)";
				SWIFT_EMIT_LOC_STRINGS = YES;
				SWIFT_VERSION = 5.0;
				TARGETED_DEVICE_FAMILY = "1,2";
			};
			name = Debug;
		};
		3ADFBCE427E9BF7500BBB8A3 /* Release */ = {
			isa = XCBuildConfiguration;
			buildSettings = {
				ASSETCATALOG_COMPILER_APPICON_NAME = AppIcon;
				ASSETCATALOG_COMPILER_GLOBAL_ACCENT_COLOR_NAME = AccentColor;
				CODE_SIGN_STYLE = Automatic;
				CURRENT_PROJECT_VERSION = 1;
				DEVELOPMENT_TEAM = K945D33793;
				GENERATE_INFOPLIST_FILE = YES;
				INFOPLIST_FILE = TashaDesertsShop/Info.plist;
				INFOPLIST_KEY_UIApplicationSupportsIndirectInputEvents = YES;
				INFOPLIST_KEY_UILaunchStoryboardName = LaunchScreen;
				INFOPLIST_KEY_UIMainStoryboardFile = Main;
				INFOPLIST_KEY_UISupportedInterfaceOrientations_iPad = "UIInterfaceOrientationPortrait UIInterfaceOrientationPortraitUpsideDown UIInterfaceOrientationLandscapeLeft UIInterfaceOrientationLandscapeRight";
				INFOPLIST_KEY_UISupportedInterfaceOrientations_iPhone = "UIInterfaceOrientationPortrait UIInterfaceOrientationLandscapeLeft UIInterfaceOrientationLandscapeRight";
				LD_RUNPATH_SEARCH_PATHS = (
					"$(inherited)",
					"@executable_path/Frameworks",
				);
				MARKETING_VERSION = 1.0;
				PRODUCT_BUNDLE_IDENTIFIER = evstarshov.TashaDesertsShop;
				PRODUCT_NAME = "$(TARGET_NAME)";
				SWIFT_EMIT_LOC_STRINGS = YES;
				SWIFT_VERSION = 5.0;
				TARGETED_DEVICE_FAMILY = "1,2";
			};
			name = Release;
		};
		3ADFBCE627E9BF7500BBB8A3 /* Debug */ = {
			isa = XCBuildConfiguration;
			buildSettings = {
				ALWAYS_EMBED_SWIFT_STANDARD_LIBRARIES = YES;
				BUNDLE_LOADER = "$(TEST_HOST)";
				CODE_SIGN_STYLE = Automatic;
				CURRENT_PROJECT_VERSION = 1;
				DEVELOPMENT_TEAM = K945D33793;
				GENERATE_INFOPLIST_FILE = YES;
				IPHONEOS_DEPLOYMENT_TARGET = 15.4;
				MARKETING_VERSION = 1.0;
				PRODUCT_BUNDLE_IDENTIFIER = evstarshov.TashaDesertsShopTests;
				PRODUCT_NAME = "$(TARGET_NAME)";
				SWIFT_EMIT_LOC_STRINGS = NO;
				SWIFT_VERSION = 5.0;
				TARGETED_DEVICE_FAMILY = "1,2";
				TEST_HOST = "$(BUILT_PRODUCTS_DIR)/TashaDesertsShop.app/TashaDesertsShop";
			};
			name = Debug;
		};
		3ADFBCE727E9BF7500BBB8A3 /* Release */ = {
			isa = XCBuildConfiguration;
			buildSettings = {
				ALWAYS_EMBED_SWIFT_STANDARD_LIBRARIES = YES;
				BUNDLE_LOADER = "$(TEST_HOST)";
				CODE_SIGN_STYLE = Automatic;
				CURRENT_PROJECT_VERSION = 1;
				DEVELOPMENT_TEAM = K945D33793;
				GENERATE_INFOPLIST_FILE = YES;
				IPHONEOS_DEPLOYMENT_TARGET = 15.4;
				MARKETING_VERSION = 1.0;
				PRODUCT_BUNDLE_IDENTIFIER = evstarshov.TashaDesertsShopTests;
				PRODUCT_NAME = "$(TARGET_NAME)";
				SWIFT_EMIT_LOC_STRINGS = NO;
				SWIFT_VERSION = 5.0;
				TARGETED_DEVICE_FAMILY = "1,2";
				TEST_HOST = "$(BUILT_PRODUCTS_DIR)/TashaDesertsShop.app/TashaDesertsShop";
			};
			name = Release;
		};
		3ADFBCE927E9BF7500BBB8A3 /* Debug */ = {
			isa = XCBuildConfiguration;
			buildSettings = {
				ALWAYS_EMBED_SWIFT_STANDARD_LIBRARIES = YES;
				CODE_SIGN_STYLE = Automatic;
				CURRENT_PROJECT_VERSION = 1;
				DEVELOPMENT_TEAM = K945D33793;
				GENERATE_INFOPLIST_FILE = YES;
				MARKETING_VERSION = 1.0;
				PRODUCT_BUNDLE_IDENTIFIER = evstarshov.TashaDesertsShopUITests;
				PRODUCT_NAME = "$(TARGET_NAME)";
				SWIFT_EMIT_LOC_STRINGS = NO;
				SWIFT_VERSION = 5.0;
				TARGETED_DEVICE_FAMILY = "1,2";
				TEST_TARGET_NAME = TashaDesertsShop;
			};
			name = Debug;
		};
		3ADFBCEA27E9BF7500BBB8A3 /* Release */ = {
			isa = XCBuildConfiguration;
			buildSettings = {
				ALWAYS_EMBED_SWIFT_STANDARD_LIBRARIES = YES;
				CODE_SIGN_STYLE = Automatic;
				CURRENT_PROJECT_VERSION = 1;
				DEVELOPMENT_TEAM = K945D33793;
				GENERATE_INFOPLIST_FILE = YES;
				MARKETING_VERSION = 1.0;
				PRODUCT_BUNDLE_IDENTIFIER = evstarshov.TashaDesertsShopUITests;
				PRODUCT_NAME = "$(TARGET_NAME)";
				SWIFT_EMIT_LOC_STRINGS = NO;
				SWIFT_VERSION = 5.0;
				TARGETED_DEVICE_FAMILY = "1,2";
				TEST_TARGET_NAME = TashaDesertsShop;
			};
			name = Release;
		};
/* End XCBuildConfiguration section */

/* Begin XCConfigurationList section */
		3ADFBCB327E9BF7000BBB8A3 /* Build configuration list for PBXProject "TashaDesertsShop" */ = {
			isa = XCConfigurationList;
			buildConfigurations = (
				3ADFBCE027E9BF7500BBB8A3 /* Debug */,
				3ADFBCE127E9BF7500BBB8A3 /* Release */,
			);
			defaultConfigurationIsVisible = 0;
			defaultConfigurationName = Release;
		};
		3ADFBCE227E9BF7500BBB8A3 /* Build configuration list for PBXNativeTarget "TashaDesertsShop" */ = {
			isa = XCConfigurationList;
			buildConfigurations = (
				3ADFBCE327E9BF7500BBB8A3 /* Debug */,
				3ADFBCE427E9BF7500BBB8A3 /* Release */,
			);
			defaultConfigurationIsVisible = 0;
			defaultConfigurationName = Release;
		};
		3ADFBCE527E9BF7500BBB8A3 /* Build configuration list for PBXNativeTarget "TashaDesertsShopTests" */ = {
			isa = XCConfigurationList;
			buildConfigurations = (
				3ADFBCE627E9BF7500BBB8A3 /* Debug */,
				3ADFBCE727E9BF7500BBB8A3 /* Release */,
			);
			defaultConfigurationIsVisible = 0;
			defaultConfigurationName = Release;
		};
		3ADFBCE827E9BF7500BBB8A3 /* Build configuration list for PBXNativeTarget "TashaDesertsShopUITests" */ = {
			isa = XCConfigurationList;
			buildConfigurations = (
				3ADFBCE927E9BF7500BBB8A3 /* Debug */,
				3ADFBCEA27E9BF7500BBB8A3 /* Release */,
			);
			defaultConfigurationIsVisible = 0;
			defaultConfigurationName = Release;
		};
/* End XCConfigurationList section */

/* Begin XCRemoteSwiftPackageReference section */
		3AC4D03F282933AF009CFAA5 /* XCRemoteSwiftPackageReference "firebase-ios-sdk" */ = {
			isa = XCRemoteSwiftPackageReference;
			repositoryURL = "https://github.com/firebase/firebase-ios-sdk";
			requirement = {
				kind = upToNextMajorVersion;
				minimumVersion = 9.0.0;
			};
		};
		3AFF711427F05A7B00C5399B /* XCRemoteSwiftPackageReference "Alamofire" */ = {
			isa = XCRemoteSwiftPackageReference;
			repositoryURL = "https://github.com/Alamofire/Alamofire";
			requirement = {
				branch = master;
				kind = branch;
			};
		};
/* End XCRemoteSwiftPackageReference section */

/* Begin XCSwiftPackageProductDependency section */
		3AC4D040282933AF009CFAA5 /* FirebaseAnalytics */ = {
			isa = XCSwiftPackageProductDependency;
			package = 3AC4D03F282933AF009CFAA5 /* XCRemoteSwiftPackageReference "firebase-ios-sdk" */;
			productName = FirebaseAnalytics;
		};
		3AC4D042282933AF009CFAA5 /* FirebaseAnalyticsSwift */ = {
			isa = XCSwiftPackageProductDependency;
			package = 3AC4D03F282933AF009CFAA5 /* XCRemoteSwiftPackageReference "firebase-ios-sdk" */;
			productName = FirebaseAnalyticsSwift;
		};
		3AC4D044282933AF009CFAA5 /* FirebaseAppCheck */ = {
			isa = XCSwiftPackageProductDependency;
			package = 3AC4D03F282933AF009CFAA5 /* XCRemoteSwiftPackageReference "firebase-ios-sdk" */;
			productName = FirebaseAppCheck;
		};
		3AC4D046282933AF009CFAA5 /* FirebaseAuth */ = {
			isa = XCSwiftPackageProductDependency;
			package = 3AC4D03F282933AF009CFAA5 /* XCRemoteSwiftPackageReference "firebase-ios-sdk" */;
			productName = FirebaseAuth;
		};
		3AC4D048282933AF009CFAA5 /* FirebaseCrashlytics */ = {
			isa = XCSwiftPackageProductDependency;
			package = 3AC4D03F282933AF009CFAA5 /* XCRemoteSwiftPackageReference "firebase-ios-sdk" */;
			productName = FirebaseCrashlytics;
		};
		3AC4D04A282933AF009CFAA5 /* FirebaseDatabaseSwift */ = {
			isa = XCSwiftPackageProductDependency;
			package = 3AC4D03F282933AF009CFAA5 /* XCRemoteSwiftPackageReference "firebase-ios-sdk" */;
			productName = FirebaseDatabaseSwift;
		};
		3AC4D04C282933AF009CFAA5 /* FirebaseFirestoreSwift */ = {
			isa = XCSwiftPackageProductDependency;
			package = 3AC4D03F282933AF009CFAA5 /* XCRemoteSwiftPackageReference "firebase-ios-sdk" */;
			productName = FirebaseFirestoreSwift;
		};
		3AC4D04E282933AF009CFAA5 /* FirebaseFunctions */ = {
			isa = XCSwiftPackageProductDependency;
			package = 3AC4D03F282933AF009CFAA5 /* XCRemoteSwiftPackageReference "firebase-ios-sdk" */;
			productName = FirebaseFunctions;
		};
		3AC4D050282933AF009CFAA5 /* FirebaseInstallations */ = {
			isa = XCSwiftPackageProductDependency;
			package = 3AC4D03F282933AF009CFAA5 /* XCRemoteSwiftPackageReference "firebase-ios-sdk" */;
			productName = FirebaseInstallations;
		};
		3AC4D052282933AF009CFAA5 /* FirebaseMessaging */ = {
			isa = XCSwiftPackageProductDependency;
			package = 3AC4D03F282933AF009CFAA5 /* XCRemoteSwiftPackageReference "firebase-ios-sdk" */;
			productName = FirebaseMessaging;
		};
		3AC4D054282933AF009CFAA5 /* FirebaseStorage */ = {
			isa = XCSwiftPackageProductDependency;
			package = 3AC4D03F282933AF009CFAA5 /* XCRemoteSwiftPackageReference "firebase-ios-sdk" */;
			productName = FirebaseStorage;
		};
		3AFF711527F05A7B00C5399B /* Alamofire */ = {
			isa = XCSwiftPackageProductDependency;
			package = 3AFF711427F05A7B00C5399B /* XCRemoteSwiftPackageReference "Alamofire" */;
			productName = Alamofire;
		};
/* End XCSwiftPackageProductDependency section */
	};
	rootObject = 3ADFBCB027E9BF7000BBB8A3 /* Project object */;
}
